%{
  "cowlib": {:hex, :cowlib, "2.6.0", "8aa629f81a0fc189f261dc98a42243fa842625feea3c7ec56c48f4ccdb55490f", [], [], "hexpm"},
  "dns": {:hex, :dns, "2.1.2", "81c46d39f7934f0e73368355126e4266762cf227ba61d5889635d83b2d64a493", [], [{:socket, "~> 0.3.13", [hex: :socket, repo: "hexpm", optional: false]}], "hexpm"},
  "gun": {:hex, :gun, "1.3.1", "1489fd96018431b89f401041a9ce0b02b45265247f0fdcf71273bf087c64ea4f", [], [{:cowlib, "~> 2.6.0", [hex: :cowlib, repo: "hexpm", optional: false]}], "hexpm"},
  "jason": {:hex, :jason, "1.1.2", "b03dedea67a99223a2eaf9f1264ce37154564de899fd3d8b9a21b1a6fd64afe7", [], [{:decimal, "~> 1.0", [hex: :decimal, repo: "hexpm", optional: true]}], "hexpm"},
  "socket": {:hex, :socket, "0.3.13", "98a2ab20ce17f95fb512c5cadddba32b57273e0d2dba2d2e5f976c5969d0c632", [], [], "hexpm"},
}
